
Microsoft Visual Studio Solution File, Format Version 12.00
# Visual Studio 14
VisualStudioVersion = 14.0.25123.0
MinimumVisualStudioVersion = 10.0.40219.1
Project("{8BC9CEB8-8B4A-11D0-8D11-00A0C91BC942}") = "Homework_01", "Homework_01\Homework_01.vcxproj", "{F38C0C0D-B0EF-46B4-BC84-221DC69FE420}"
EndProject
Project("{8BC9CEB8-8B4A-11D0-8D11-00A0C91BC942}") = "Homework_02", "Homework_02\Homework_02.vcxproj", "{192C17A4-3FE6-4F08-90D2-0D009E60154A}"
EndProject
Project("{8BC9CEB8-8B4A-11D0-8D11-00A0C91BC942}") = "Homework_03", "Homework_03\Homework_03.vcxproj", "{42D5736F-A2E7-444B-B2A7-4AB86EB63512}"
EndProject
Project("{8BC9CEB8-8B4A-11D0-8D11-00A0C91BC942}") = "Homework_04", "Homework_04\Homework_04.vcxproj", "{C66BCA00-0151-44CE-8757-1AC804D5E2DA}"
EndProject
Project("{8BC9CEB8-8B4A-11D0-8D11-00A0C91BC942}") = "Homework_05", "Homework_05\Homework_05.vcxproj", "{EBB9ED45-2C8A-4497-BB86-790B84809634}"
EndProject
Project("{8BC9CEB8-8B4A-11D0-8D11-00A0C91BC942}") = "Homework_06", "Homework_06\Homework_06.vcxproj", "{13F43C03-4B53-4856-BFDE-1BF100A3169B}"
EndProject
Project("{8BC9CEB8-8B4A-11D0-8D11-00A0C91BC942}") = "Homework_10", "Homework_10\Homework_10.vcxproj", "{E360DDF7-B58C-419A-A1E6-457F9056AD03}"
EndProject
Global
	GlobalSection(SolutionConfigurationPlatforms) = preSolution
		Debug|x64 = Debug|x64
		Debug|x86 = Debug|x86
		Release|x64 = Release|x64
		Release|x86 = Release|x86
	EndGlobalSection
	GlobalSection(ProjectConfigurationPlatforms) = postSolution
		{F38C0C0D-B0EF-46B4-BC84-221DC69FE420}.Debug|x64.ActiveCfg = Debug|x64
		{F38C0C0D-B0EF-46B4-BC84-221DC69FE420}.Debug|x64.Build.0 = Debug|x64
		{F38C0C0D-B0EF-46B4-BC84-221DC69FE420}.Debug|x86.ActiveCfg = Debug|Win32
		{F38C0C0D-B0EF-46B4-BC84-221DC69FE420}.Debug|x86.Build.0 = Debug|Win32
		{F38C0C0D-B0EF-46B4-BC84-221DC69FE420}.Release|x64.ActiveCfg = Release|x64
		{F38C0C0D-B0EF-46B4-BC84-221DC69FE420}.Release|x64.Build.0 = Release|x64
		{F38C0C0D-B0EF-46B4-BC84-221DC69FE420}.Release|x86.ActiveCfg = Release|Win32
		{F38C0C0D-B0EF-46B4-BC84-221DC69FE420}.Release|x86.Build.0 = Release|Win32
		{192C17A4-3FE6-4F08-90D2-0D009E60154A}.Debug|x64.ActiveCfg = Debug|x64
		{192C17A4-3FE6-4F08-90D2-0D009E60154A}.Debug|x64.Build.0 = Debug|x64
		{192C17A4-3FE6-4F08-90D2-0D009E60154A}.Debug|x86.ActiveCfg = Debug|Win32
		{192C17A4-3FE6-4F08-90D2-0D009E60154A}.Debug|x86.Build.0 = Debug|Win32
		{192C17A4-3FE6-4F08-90D2-0D009E60154A}.Release|x64.ActiveCfg = Release|x64
		{192C17A4-3FE6-4F08-90D2-0D009E60154A}.Release|x64.Build.0 = Release|x64
		{192C17A4-3FE6-4F08-90D2-0D009E60154A}.Release|x86.ActiveCfg = Release|Win32
		{192C17A4-3FE6-4F08-90D2-0D009E60154A}.Release|x86.Build.0 = Release|Win32
		{42D5736F-A2E7-444B-B2A7-4AB86EB63512}.Debug|x64.ActiveCfg = Debug|x64
		{42D5736F-A2E7-444B-B2A7-4AB86EB63512}.Debug|x64.Build.0 = Debug|x64
		{42D5736F-A2E7-444B-B2A7-4AB86EB63512}.Debug|x86.ActiveCfg = Debug|Win32
		{42D5736F-A2E7-444B-B2A7-4AB86EB63512}.Debug|x86.Build.0 = Debug|Win32
		{42D5736F-A2E7-444B-B2A7-4AB86EB63512}.Release|x64.ActiveCfg = Release|x64
		{42D5736F-A2E7-444B-B2A7-4AB86EB63512}.Release|x64.Build.0 = Release|x64
		{42D5736F-A2E7-444B-B2A7-4AB86EB63512}.Release|x86.ActiveCfg = Release|Win32
		{42D5736F-A2E7-444B-B2A7-4AB86EB63512}.Release|x86.Build.0 = Release|Win32
		{C66BCA00-0151-44CE-8757-1AC804D5E2DA}.Debug|x64.ActiveCfg = Debug|x64
		{C66BCA00-0151-44CE-8757-1AC804D5E2DA}.Debug|x64.Build.0 = Debug|x64
		{C66BCA00-0151-44CE-8757-1AC804D5E2DA}.Debug|x86.ActiveCfg = Debug|Win32
		{C66BCA00-0151-44CE-8757-1AC804D5E2DA}.Debug|x86.Build.0 = Debug|Win32
		{C66BCA00-0151-44CE-8757-1AC804D5E2DA}.Release|x64.ActiveCfg = Release|x64
		{C66BCA00-0151-44CE-8757-1AC804D5E2DA}.Release|x64.Build.0 = Release|x64
		{C66BCA00-0151-44CE-8757-1AC804D5E2DA}.Release|x86.ActiveCfg = Release|Win32
		{C66BCA00-0151-44CE-8757-1AC804D5E2DA}.Release|x86.Build.0 = Release|Win32
		{EBB9ED45-2C8A-4497-BB86-790B84809634}.Debug|x64.ActiveCfg = Debug|x64
		{EBB9ED45-2C8A-4497-BB86-790B84809634}.Debug|x64.Build.0 = Debug|x64
		{EBB9ED45-2C8A-4497-BB86-790B84809634}.Debug|x86.ActiveCfg = Debug|Win32
		{EBB9ED45-2C8A-4497-BB86-790B84809634}.Debug|x86.Build.0 = Debug|Win32
		{EBB9ED45-2C8A-4497-BB86-790B84809634}.Release|x64.ActiveCfg = Release|x64
		{EBB9ED45-2C8A-4497-BB86-790B84809634}.Release|x64.Build.0 = Release|x64
		{EBB9ED45-2C8A-4497-BB86-790B84809634}.Release|x86.ActiveCfg = Release|Win32
		{EBB9ED45-2C8A-4497-BB86-790B84809634}.Release|x86.Build.0 = Release|Win32
		{13F43C03-4B53-4856-BFDE-1BF100A3169B}.Debug|x64.ActiveCfg = Debug|x64
		{13F43C03-4B53-4856-BFDE-1BF100A3169B}.Debug|x64.Build.0 = Debug|x64
		{13F43C03-4B53-4856-BFDE-1BF100A3169B}.Debug|x86.ActiveCfg = Debug|Win32
		{13F43C03-4B53-4856-BFDE-1BF100A3169B}.Debug|x86.Build.0 = Debug|Win32
		{13F43C03-4B53-4856-BFDE-1BF100A3169B}.Release|x64.ActiveCfg = Release|x64
		{13F43C03-4B53-4856-BFDE-1BF100A3169B}.Release|x64.Build.0 = Release|x64
		{13F43C03-4B53-4856-BFDE-1BF100A3169B}.Release|x86.ActiveCfg = Release|Win32
		{13F43C03-4B53-4856-BFDE-1BF100A3169B}.Release|x86.Build.0 = Release|Win32
		{E360DDF7-B58C-419A-A1E6-457F9056AD03}.Debug|x64.ActiveCfg = Debug|x64
		{E360DDF7-B58C-419A-A1E6-457F9056AD03}.Debug|x64.Build.0 = Debug|x64
		{E360DDF7-B58C-419A-A1E6-457F9056AD03}.Debug|x86.ActiveCfg = Debug|Win32
		{E360DDF7-B58C-419A-A1E6-457F9056AD03}.Debug|x86.Build.0 = Debug|Win32
		{E360DDF7-B58C-419A-A1E6-457F9056AD03}.Release|x64.ActiveCfg = Release|x64
		{E360DDF7-B58C-419A-A1E6-457F9056AD03}.Release|x64.Build.0 = Release|x64
		{E360DDF7-B58C-419A-A1E6-457F9056AD03}.Release|x86.ActiveCfg = Release|Win32
		{E360DDF7-B58C-419A-A1E6-457F9056AD03}.Release|x86.Build.0 = Release|Win32
	EndGlobalSection
	GlobalSection(SolutionProperties) = preSolution
		HideSolutionNode = FALSE
	EndGlobalSection
EndGlobal
